
Microsoft Visual Studio Solution File, Format Version 12.00
# Visual Studio Version 16
VisualStudioVersion = 16.0.29613.14
MinimumVisualStudioVersion = 10.0.40219.1
Project("{FAE04EC0-301F-11D3-BF4B-00C04F79EFBC}") = "PieShop", "PieShop\PieShop.csproj", "{866316F5-EAEA-4DBE-97FF-1D41CC530A78}"
EndProject
Global
	GlobalSection(SolutionConfigurationPlatforms) = preSolution
		Debug|Any CPU = Debug|Any CPU
		Release|Any CPU = Release|Any CPU
	EndGlobalSection
	GlobalSection(ProjectConfigurationPlatforms) = postSolution
		{866316F5-EAEA-4DBE-97FF-1D41CC530A78}.Debug|Any CPU.ActiveCfg = Debug|Any CPU
		{866316F5-EAEA-4DBE-97FF-1D41CC530A78}.Debug|Any CPU.Build.0 = Debug|Any CPU
		{866316F5-EAEA-4DBE-97FF-1D41CC530A78}.Release|Any CPU.ActiveCfg = Release|Any CPU
		{866316F5-EAEA-4DBE-97FF-1D41CC530A78}.Release|Any CPU.Build.0 = Release|Any CPU
	EndGlobalSection
	GlobalSection(SolutionProperties) = preSolution
		HideSolutionNode = FALSE
	EndGlobalSection
	GlobalSection(ExtensibilityGlobals) = postSolution
		SolutionGuid = {65E6B23C-8D16-4AC2-B01B-E36B2A3E4490}
	EndGlobalSection
EndGlobal
